
Microsoft Visual Studio Solution File, Format Version 12.00
# Visual Studio Version 17
VisualStudioVersion = 17.3.32929.385
MinimumVisualStudioVersion = 10.0.40219.1
Project("{FAE04EC0-301F-11D3-BF4B-00C04F79EFBC}") = "Week2Lesson7", "Week2Lesson7\Week2Lesson7.csproj", "{97206697-3CCE-4136-B850-3488E4A69B00}"
EndProject
Global
	GlobalSection(SolutionConfigurationPlatforms) = preSolution
		Debug|Any CPU = Debug|Any CPU
		Release|Any CPU = Release|Any CPU
	EndGlobalSection
	GlobalSection(ProjectConfigurationPlatforms) = postSolution
		{97206697-3CCE-4136-B850-3488E4A69B00}.Debug|Any CPU.ActiveCfg = Debug|Any CPU
		{97206697-3CCE-4136-B850-3488E4A69B00}.Debug|Any CPU.Build.0 = Debug|Any CPU
		{97206697-3CCE-4136-B850-3488E4A69B00}.Release|Any CPU.ActiveCfg = Release|Any CPU
		{97206697-3CCE-4136-B850-3488E4A69B00}.Release|Any CPU.Build.0 = Release|Any CPU
	EndGlobalSection
	GlobalSection(SolutionProperties) = preSolution
		HideSolutionNode = FALSE
	EndGlobalSection
	GlobalSection(ExtensibilityGlobals) = postSolution
		SolutionGuid = {8DF511B9-EDC8-4D58-9F56-78187EC379A8}
	EndGlobalSection
EndGlobal
